
Microsoft Visual Studio Solution File, Format Version 12.00
# Visual Studio Version 17
VisualStudioVersion = 17.4.33205.214
MinimumVisualStudioVersion = 10.0.40219.1
Project("{2150E333-8FDC-42A3-9474-1A3956D46DE8}") = "01_Library", "01_Library", "{2FCF4DFC-006D-4EE0-82EB-4553EC2869F6}"
EndProject
Project("{2150E333-8FDC-42A3-9474-1A3956D46DE8}") = "10_LibraryPSGM", "10_LibraryPSGM", "{D36D5C8A-75DE-4801-8D12-4D075BE1F1EC}"
EndProject
Project("{2150E333-8FDC-42A3-9474-1A3956D46DE8}") = "90_Main", "90_Main", "{D4BE2EFC-DE53-4049-AFF1-AA1EC38BF233}"
EndProject
Project("{9A19103F-16F7-4668-BE54-9A1E7A4F7556}") = "PSGM.Lib.PowerSupply.Nextys", "10_LibraryPSGM\PSGM.Lib.PowerSupply.Nextys\PSGM.Lib.PowerSupply.Nextys.csproj", "{3F701106-C939-4156-AFF0-53442BAECD52}"
EndProject
Project("{9A19103F-16F7-4668-BE54-9A1E7A4F7556}") = "PSGM.Sample.PowerSupply.Nextys", "11_LibraryPSGM_Samples\PSGM.Sample.PowerSupply.Nextys.DcDcConverter\PSGM.Sample.PowerSupply.Nextys.csproj", "{65E447A9-32E9-4CFF-8BF4-A218848220F3}"
EndProject
Project("{9A19103F-16F7-4668-BE54-9A1E7A4F7556}") = "PSGM.Lib.Motion.Nanotec", "10_LibraryPSGM\PSGM.Lib.Motion.Nanotec\PSGM.Lib.Motion.Nanotec.csproj", "{A1523954-878C-4899-BA24-4A7345894256}"
EndProject
Project("{9A19103F-16F7-4668-BE54-9A1E7A4F7556}") = "PSGM.Sample.Motion.Nanotec", "11_LibraryPSGM_Samples\PSGM.Sample.Motion.Nanotec.MotionController\PSGM.Sample.Motion.Nanotec.csproj", "{9F3887C5-BD11-49CC-A054-F19124897998}"
EndProject
Project("{9A19103F-16F7-4668-BE54-9A1E7A4F7556}") = "PSGM.Sample.Vision.SVSVistek", "11_LibraryPSGM_Samples\PSGM.Sample.Vision.SVSVistek.Camera\PSGM.Sample.Vision.SVSVistek.csproj", "{2EE4C8AC-9438-433B-9973-75ABB929B179}"
EndProject
Project("{9A19103F-16F7-4668-BE54-9A1E7A4F7556}") = "PSGM.Lib.Vision.SVSVistek", "10_LibraryPSGM\PSGM.Lib.Vision.SVSVistek\PSGM.Lib.Vision.SVSVistek.csproj", "{CFBC4EFB-88DB-4B1A-925B-913FCF174F40}"
EndProject
Project("{9A19103F-16F7-4668-BE54-9A1E7A4F7556}") = "PSGM.Sample.Robot.Doosan", "11_LibraryPSGM_Samples\PSGM.Sample.Robot.Doosan.Control\PSGM.Sample.Robot.Doosan.csproj", "{1128BD8D-9744-4933-8465-4FFF01751F18}"
EndProject
Project("{9A19103F-16F7-4668-BE54-9A1E7A4F7556}") = "PSGM.Lib.Vision.Intel.RealSense", "10_LibraryPSGM\PSGM.Lib.Vision.Intel.RealSense\PSGM.Lib.Vision.Intel.RealSense.csproj", "{DAC0D217-0FE2-4AE9-9873-C67E865E2EE7}"
EndProject
Project("{9A19103F-16F7-4668-BE54-9A1E7A4F7556}") = "PSGM.Sample.Vision.Intel.RealSense", "11_LibraryPSGM_Samples\PSGM.Sample.Vision.Intel.RealSense\PSGM.Sample.Vision.Intel.RealSense.csproj", "{47047CE9-B856-4F76-B5D5-E5C5335F7AE4}"
EndProject
Project("{2150E333-8FDC-42A3-9474-1A3956D46DE8}") = "Solution Items", "Solution Items", "{991A41AA-2DBF-492A-87F6-28A70FDF8EC6}"
	ProjectSection(SolutionItems) = preProject
		.editorconfig = .editorconfig
		DBinitialization.ps1 = DBinitialization.ps1
		DBinitialization_DbMain.ps1 = DBinitialization_DbMain.ps1
		DBinitialization_DbStorage.ps1 = DBinitialization_DbStorage.ps1
	EndProjectSection
EndProject
Project("{9A19103F-16F7-4668-BE54-9A1E7A4F7556}") = "RC.Scan-SingleSolution", "90_Main\Scan-SingleSolution\RC.Scan-SingleSolution.csproj", "{D52DAEB5-14B9-4044-BE52-B03394E05B7A}"
EndProject
Project("{9A19103F-16F7-4668-BE54-9A1E7A4F7556}") = "RC.SheetScan-SingleSolution", "90_Main\SheetScan-SingleSolution\RC.SheetScan-SingleSolution.csproj", "{C5D2DFC3-A898-4190-9FE9-64FB589DCCCB}"
EndProject
Project("{9A19103F-16F7-4668-BE54-9A1E7A4F7556}") = "RC.DynamicScripting", "90_Main\RC.DynamicScripting\RC.DynamicScripting.csproj", "{9E16230F-5637-4236-9C05-A930E8C0870B}"
EndProject
Project("{9A19103F-16F7-4668-BE54-9A1E7A4F7556}") = "PSGM.Lib.Control.RobotElectronics", "10_LibraryPSGM\PSGM.Lib.Control.RobotElectronics\PSGM.Lib.Control.RobotElectronics.csproj", "{CF41731C-711C-4BF0-AFC5-3B7E0653412F}"
EndProject
Project("{9A19103F-16F7-4668-BE54-9A1E7A4F7556}") = "PSGM.Sample.Control.RobotElectronics.Gpio", "11_LibraryPSGM_Samples\PSGM.Sample.Controller.RobotElectronics.Gpio\PSGM.Sample.Control.RobotElectronics.Gpio.csproj", "{7079F626-B6A3-49B6-8318-995AC398067C}"
EndProject
Project("{2150E333-8FDC-42A3-9474-1A3956D46DE8}") = "80_Model", "80_Model", "{40EE5044-A103-4ADB-A472-23D882C0D0B7}"
EndProject
Project("{8BC9CEB8-8B4A-11D0-8D11-00A0C91BC942}") = "PSGM.Lib.Robot.Doosan.CPP", "10_LibraryPSGM\PSGM.Lib.Robot.Doosan.CPP\PSGM.Robot.Doosan.Control.CPP.vcxproj", "{47B46FC3-4810-443C-BD38-BBCED2083471}"
EndProject
Project("{9A19103F-16F7-4668-BE54-9A1E7A4F7556}") = "PSGM.Lib.Robot.Doosan", "10_LibraryPSGM\PSGM.Lib.Robot.Doosan\PSGM.Lib.Robot.Doosan.csproj", "{819C25B3-88BE-4E44-8492-26664380F632}"
EndProject
Project("{9A19103F-16F7-4668-BE54-9A1E7A4F7556}") = "PSGM.Test_PDF", "90_Main\PSGM.Test_PDF\PSGM.Test_PDF.csproj", "{33316492-64CE-438F-8F74-C6CD00A1A73F}"
EndProject
Project("{9A19103F-16F7-4668-BE54-9A1E7A4F7556}") = "PSGM.MultiTestApp1", "90_Main\PSGM.MultiTestApp1\PSGM.MultiTestApp1.csproj", "{60B88D8E-2966-4997-81B9-499F59056FAA}"
EndProject
Project("{2150E333-8FDC-42A3-9474-1A3956D46DE8}") = "50_Helper", "50_Helper", "{75E64E75-37AC-49B9-AD4E-D3EC0120D91C}"
EndProject
Project("{9A19103F-16F7-4668-BE54-9A1E7A4F7556}") = "PSGM.Helper", "50_Helper\PSGM.Helper\PSGM.Helper.csproj", "{E63E760B-B905-4BE1-92F1-86C3603C6FB8}"
EndProject
Project("{9A19103F-16F7-4668-BE54-9A1E7A4F7556}") = "PSGM.Model.DbMain", "80_Model\PSGM.Model.DbMain\PSGM.Model.DbMain.csproj", "{36EC0D68-D5CC-4B18-BD5B-B4FBBBD63C99}"
EndProject
Project("{9A19103F-16F7-4668-BE54-9A1E7A4F7556}") = "PSGM.Model.DbStorage", "80_Model\PSGM.Model.DbStorage\PSGM.Model.DbStorage.csproj", "{04F7059F-85E8-4AF8-A5A7-E9BCC32CB2FF}"
EndProject
Project("{9A19103F-16F7-4668-BE54-9A1E7A4F7556}") = "PSGM.Model.DbJob", "80_Model\PSGM.Model.DbJob\PSGM.Model.DbJob.csproj", "{17F7C2BF-829F-4E7A-85C1-F1DC919BB671}"
EndProject
Project("{9A19103F-16F7-4668-BE54-9A1E7A4F7556}") = "PSGM.Model.DbUser", "80_Model\PSGM.Model.DbUser\PSGM.Model.DbUser.csproj", "{073D5F84-0EB6-4494-829C-CC3D227317A2}"
EndProject
Project("{9A19103F-16F7-4668-BE54-9A1E7A4F7556}") = "PSGM.Model.DbSoftware", "80_Model\PSGM.Model.DbSoftware\PSGM.Model.DbSoftware.csproj", "{0FC41703-C7BA-4FB5-BAA0-9534EA0505DB}"
EndProject
Project("{9A19103F-16F7-4668-BE54-9A1E7A4F7556}") = "PSGM.Model.DbMachine", "80_Model\PSGM.Model.DbMachine\PSGM.Model.DbMachine.csproj", "{A10A0C94-53F8-489B-8F6B-58871C37962B}"
EndProject
Project("{9A19103F-16F7-4668-BE54-9A1E7A4F7556}") = "PSGM.Helper.Workflow", "50_Helper\PSGM.Helper.Workflow\PSGM.Helper.Workflow.csproj", "{6B90F060-0588-45AA-B102-C3BCCF6FB5B1}"
EndProject
Project("{9A19103F-16F7-4668-BE54-9A1E7A4F7556}") = "PSGM.Model.DbWorkflow", "80_Model\PSGM.Model.DbWorkflow\PSGM.Model.DbWorkflow.csproj", "{E51132BA-3447-4C8E-A872-363E5C2B56AA}"
EndProject
Project("{9A19103F-16F7-4668-BE54-9A1E7A4F7556}") = "PSGM.WebApp", "90_Main\PSGM.WebApp\PSGM.WebApp.csproj", "{FD327DB3-1DB5-469F-A8CA-DABB953968F6}"
EndProject
Project("{9A19103F-16F7-4668-BE54-9A1E7A4F7556}") = "PSGM.Lib.ExifData", "10_LibraryPSGM\PSGM.Lib.ExifData\PSGM.Lib.ExifData.csproj", "{A7873746-9A02-4C91-9DA0-87A7F34C361F}"
EndProject
Project("{9A19103F-16F7-4668-BE54-9A1E7A4F7556}") = "PSGM.WebApp1", "90_Main\PSGM.WebApp1\PSGM.WebApp1.csproj", "{935AEF8D-439D-43B4-85EF-6D325F3E7737}"
EndProject
Project("{9A19103F-16F7-4668-BE54-9A1E7A4F7556}") = "PSGM.MultiTestApp2", "90_Main\PSGM.MultiTestApp2\PSGM.MultiTestApp2.csproj", "{94D22588-CF59-4C06-B360-F7AD6880067E}"
EndProject
Project("{2150E333-8FDC-42A3-9474-1A3956D46DE8}") = "11_LibraryPSGM_Samples", "11_LibraryPSGM_Samples", "{FC920256-6DC3-47EC-A697-6E595A0F07B4}"
EndProject
Project("{9A19103F-16F7-4668-BE54-9A1E7A4F7556}") = "PSGM.SingleSolution.BookScan", "90_Main\PSGM.SingleSolution.BookScan\PSGM.SingleSolution.BookScan.csproj", "{EB88D265-8EE3-43F0-91C0-8605B684BC58}"
EndProject
Project("{8BC9CEB8-8B4A-11D0-8D11-00A0C91BC942}") = "PSGM.Lib.Vision.Sony.CPP", "10_LibraryPSGM\PSGM.Lib.Vision.Sony.CPP\PSGM.Lib.Vision.Sony.CPP.vcxproj", "{D0009ECA-13A5-4689-A355-C768B75399EE}"
EndProject
Project("{9A19103F-16F7-4668-BE54-9A1E7A4F7556}") = "PSGM.Lib.Vision.Sony", "10_LibraryPSGM\PSGM.Lib.Vision.Sony\PSGM.Lib.Vision.Sony.csproj", "{C79F707D-3825-42CD-AE44-1DA571B6ECE1}"
EndProject
Project("{9A19103F-16F7-4668-BE54-9A1E7A4F7556}") = "PSGM.Sample.Vision.Sony", "11_LibraryPSGM_Samples\PSGM.Sample.Vision.Sony\PSGM.Sample.Vision.Sony.csproj", "{8A803012-5C8B-464C-869A-7EF153B047DB}"
EndProject
Project("{2150E333-8FDC-42A3-9474-1A3956D46DE8}") = "81_Model_Samples", "81_Model_Samples", "{2CFDBCEF-FCFF-4FC3-A1AA-6D107E062899}"
EndProject
Project("{9A19103F-16F7-4668-BE54-9A1E7A4F7556}") = "PSGM.Sample.Model.DbStorage", "81_Model_Samples\PSGM.Sample.Model.DbStorage\PSGM.Sample.Model.DbStorage.csproj", "{0437BDA5-5753-4C3B-A818-1B8E70A30C59}"
EndProject
Project("{9A19103F-16F7-4668-BE54-9A1E7A4F7556}") = "PSGM.Sample.Model.DbMain", "81_Model_Samples\PSGM.Sample.Model.DbMain\PSGM.Sample.Model.DbMain.csproj", "{977FB3F5-9DB5-4113-AB22-6568F75DC2AF}"
EndProject
Project("{9A19103F-16F7-4668-BE54-9A1E7A4F7556}") = "PSGM.Model.DbBackendStructure", "80_Model\PSGM.Model.DbBackendStructure\PSGM.Model.DbBackendStructure.csproj", "{B03D1330-1929-4AAE-9CD7-2981DB5041AE}"
EndProject
Project("{9A19103F-16F7-4668-BE54-9A1E7A4F7556}") = "PSGM.Sample.Model.DbBackendStructure", "81_Model_Samples\PSGM.Sample.Model.DbBackendStructure\PSGM.Sample.Model.DbBackendStructure.csproj", "{C2594CB2-FCA4-409E-A453-BB1EF34C63DB}"
EndProject
Global
	GlobalSection(SolutionConfigurationPlatforms) = preSolution
		Debug|Any CPU = Debug|Any CPU
		Debug|x64 = Debug|x64
		Debug|x86 = Debug|x86
		Release|Any CPU = Release|Any CPU
		Release|x64 = Release|x64
		Release|x86 = Release|x86
	EndGlobalSection
	GlobalSection(ProjectConfigurationPlatforms) = postSolution
		{3F701106-C939-4156-AFF0-53442BAECD52}.Debug|Any CPU.ActiveCfg = Debug|Any CPU
		{3F701106-C939-4156-AFF0-53442BAECD52}.Debug|Any CPU.Build.0 = Debug|Any CPU
		{3F701106-C939-4156-AFF0-53442BAECD52}.Debug|x64.ActiveCfg = Debug|x64
		{3F701106-C939-4156-AFF0-53442BAECD52}.Debug|x64.Build.0 = Debug|x64
		{3F701106-C939-4156-AFF0-53442BAECD52}.Debug|x86.ActiveCfg = Debug|Any CPU
		{3F701106-C939-4156-AFF0-53442BAECD52}.Debug|x86.Build.0 = Debug|Any CPU
		{3F701106-C939-4156-AFF0-53442BAECD52}.Release|Any CPU.ActiveCfg = Release|Any CPU
		{3F701106-C939-4156-AFF0-53442BAECD52}.Release|Any CPU.Build.0 = Release|Any CPU
		{3F701106-C939-4156-AFF0-53442BAECD52}.Release|x64.ActiveCfg = Release|Any CPU
		{3F701106-C939-4156-AFF0-53442BAECD52}.Release|x64.Build.0 = Release|Any CPU
		{3F701106-C939-4156-AFF0-53442BAECD52}.Release|x86.ActiveCfg = Release|Any CPU
		{3F701106-C939-4156-AFF0-53442BAECD52}.Release|x86.Build.0 = Release|Any CPU
		{65E447A9-32E9-4CFF-8BF4-A218848220F3}.Debug|Any CPU.ActiveCfg = Debug|Any CPU
		{65E447A9-32E9-4CFF-8BF4-A218848220F3}.Debug|Any CPU.Build.0 = Debug|Any CPU
		{65E447A9-32E9-4CFF-8BF4-A218848220F3}.Debug|x64.ActiveCfg = Debug|x64
		{65E447A9-32E9-4CFF-8BF4-A218848220F3}.Debug|x64.Build.0 = Debug|x64
		{65E447A9-32E9-4CFF-8BF4-A218848220F3}.Debug|x86.ActiveCfg = Debug|Any CPU
		{65E447A9-32E9-4CFF-8BF4-A218848220F3}.Debug|x86.Build.0 = Debug|Any CPU
		{65E447A9-32E9-4CFF-8BF4-A218848220F3}.Release|Any CPU.ActiveCfg = Release|Any CPU
		{65E447A9-32E9-4CFF-8BF4-A218848220F3}.Release|Any CPU.Build.0 = Release|Any CPU
		{65E447A9-32E9-4CFF-8BF4-A218848220F3}.Release|x64.ActiveCfg = Release|Any CPU
		{65E447A9-32E9-4CFF-8BF4-A218848220F3}.Release|x64.Build.0 = Release|Any CPU
		{65E447A9-32E9-4CFF-8BF4-A218848220F3}.Release|x86.ActiveCfg = Release|Any CPU
		{65E447A9-32E9-4CFF-8BF4-A218848220F3}.Release|x86.Build.0 = Release|Any CPU
		{A1523954-878C-4899-BA24-4A7345894256}.Debug|Any CPU.ActiveCfg = Debug|Any CPU
		{A1523954-878C-4899-BA24-4A7345894256}.Debug|Any CPU.Build.0 = Debug|Any CPU
		{A1523954-878C-4899-BA24-4A7345894256}.Debug|x64.ActiveCfg = Debug|x64
		{A1523954-878C-4899-BA24-4A7345894256}.Debug|x64.Build.0 = Debug|x64
		{A1523954-878C-4899-BA24-4A7345894256}.Debug|x86.ActiveCfg = Debug|Any CPU
		{A1523954-878C-4899-BA24-4A7345894256}.Debug|x86.Build.0 = Debug|Any CPU
		{A1523954-878C-4899-BA24-4A7345894256}.Release|Any CPU.ActiveCfg = Release|Any CPU
		{A1523954-878C-4899-BA24-4A7345894256}.Release|Any CPU.Build.0 = Release|Any CPU
		{A1523954-878C-4899-BA24-4A7345894256}.Release|x64.ActiveCfg = Release|Any CPU
		{A1523954-878C-4899-BA24-4A7345894256}.Release|x64.Build.0 = Release|Any CPU
		{A1523954-878C-4899-BA24-4A7345894256}.Release|x86.ActiveCfg = Release|Any CPU
		{A1523954-878C-4899-BA24-4A7345894256}.Release|x86.Build.0 = Release|Any CPU
		{9F3887C5-BD11-49CC-A054-F19124897998}.Debug|Any CPU.ActiveCfg = Debug|Any CPU
		{9F3887C5-BD11-49CC-A054-F19124897998}.Debug|Any CPU.Build.0 = Debug|Any CPU
		{9F3887C5-BD11-49CC-A054-F19124897998}.Debug|x64.ActiveCfg = Debug|x64
		{9F3887C5-BD11-49CC-A054-F19124897998}.Debug|x64.Build.0 = Debug|x64
		{9F3887C5-BD11-49CC-A054-F19124897998}.Debug|x86.ActiveCfg = Debug|Any CPU
		{9F3887C5-BD11-49CC-A054-F19124897998}.Debug|x86.Build.0 = Debug|Any CPU
		{9F3887C5-BD11-49CC-A054-F19124897998}.Release|Any CPU.ActiveCfg = Release|Any CPU
		{9F3887C5-BD11-49CC-A054-F19124897998}.Release|Any CPU.Build.0 = Release|Any CPU
		{9F3887C5-BD11-49CC-A054-F19124897998}.Release|x64.ActiveCfg = Release|Any CPU
		{9F3887C5-BD11-49CC-A054-F19124897998}.Release|x64.Build.0 = Release|Any CPU
		{9F3887C5-BD11-49CC-A054-F19124897998}.Release|x86.ActiveCfg = Release|Any CPU
		{9F3887C5-BD11-49CC-A054-F19124897998}.Release|x86.Build.0 = Release|Any CPU
		{2EE4C8AC-9438-433B-9973-75ABB929B179}.Debug|Any CPU.ActiveCfg = Debug|Any CPU
		{2EE4C8AC-9438-433B-9973-75ABB929B179}.Debug|Any CPU.Build.0 = Debug|Any CPU
		{2EE4C8AC-9438-433B-9973-75ABB929B179}.Debug|x64.ActiveCfg = Debug|x64
		{2EE4C8AC-9438-433B-9973-75ABB929B179}.Debug|x64.Build.0 = Debug|x64
		{2EE4C8AC-9438-433B-9973-75ABB929B179}.Debug|x86.ActiveCfg = Debug|Any CPU
		{2EE4C8AC-9438-433B-9973-75ABB929B179}.Debug|x86.Build.0 = Debug|Any CPU
		{2EE4C8AC-9438-433B-9973-75ABB929B179}.Release|Any CPU.ActiveCfg = Release|Any CPU
		{2EE4C8AC-9438-433B-9973-75ABB929B179}.Release|Any CPU.Build.0 = Release|Any CPU
		{2EE4C8AC-9438-433B-9973-75ABB929B179}.Release|x64.ActiveCfg = Release|Any CPU
		{2EE4C8AC-9438-433B-9973-75ABB929B179}.Release|x64.Build.0 = Release|Any CPU
		{2EE4C8AC-9438-433B-9973-75ABB929B179}.Release|x86.ActiveCfg = Release|Any CPU
		{2EE4C8AC-9438-433B-9973-75ABB929B179}.Release|x86.Build.0 = Release|Any CPU
		{CFBC4EFB-88DB-4B1A-925B-913FCF174F40}.Debug|Any CPU.ActiveCfg = Debug|Any CPU
		{CFBC4EFB-88DB-4B1A-925B-913FCF174F40}.Debug|Any CPU.Build.0 = Debug|Any CPU
		{CFBC4EFB-88DB-4B1A-925B-913FCF174F40}.Debug|x64.ActiveCfg = Debug|x64
		{CFBC4EFB-88DB-4B1A-925B-913FCF174F40}.Debug|x64.Build.0 = Debug|x64
		{CFBC4EFB-88DB-4B1A-925B-913FCF174F40}.Debug|x86.ActiveCfg = Debug|Any CPU
		{CFBC4EFB-88DB-4B1A-925B-913FCF174F40}.Debug|x86.Build.0 = Debug|Any CPU
		{CFBC4EFB-88DB-4B1A-925B-913FCF174F40}.Release|Any CPU.ActiveCfg = Release|Any CPU
		{CFBC4EFB-88DB-4B1A-925B-913FCF174F40}.Release|Any CPU.Build.0 = Release|Any CPU
		{CFBC4EFB-88DB-4B1A-925B-913FCF174F40}.Release|x64.ActiveCfg = Release|Any CPU
		{CFBC4EFB-88DB-4B1A-925B-913FCF174F40}.Release|x64.Build.0 = Release|Any CPU
		{CFBC4EFB-88DB-4B1A-925B-913FCF174F40}.Release|x86.ActiveCfg = Release|Any CPU
		{CFBC4EFB-88DB-4B1A-925B-913FCF174F40}.Release|x86.Build.0 = Release|Any CPU
		{1128BD8D-9744-4933-8465-4FFF01751F18}.Debug|Any CPU.ActiveCfg = Debug|Any CPU
		{1128BD8D-9744-4933-8465-4FFF01751F18}.Debug|Any CPU.Build.0 = Debug|Any CPU
		{1128BD8D-9744-4933-8465-4FFF01751F18}.Debug|x64.ActiveCfg = Debug|x64
		{1128BD8D-9744-4933-8465-4FFF01751F18}.Debug|x64.Build.0 = Debug|x64
		{1128BD8D-9744-4933-8465-4FFF01751F18}.Debug|x86.ActiveCfg = Debug|Any CPU
		{1128BD8D-9744-4933-8465-4FFF01751F18}.Debug|x86.Build.0 = Debug|Any CPU
		{1128BD8D-9744-4933-8465-4FFF01751F18}.Release|Any CPU.ActiveCfg = Release|Any CPU
		{1128BD8D-9744-4933-8465-4FFF01751F18}.Release|Any CPU.Build.0 = Release|Any CPU
		{1128BD8D-9744-4933-8465-4FFF01751F18}.Release|x64.ActiveCfg = Release|Any CPU
		{1128BD8D-9744-4933-8465-4FFF01751F18}.Release|x64.Build.0 = Release|Any CPU
		{1128BD8D-9744-4933-8465-4FFF01751F18}.Release|x86.ActiveCfg = Release|Any CPU
		{1128BD8D-9744-4933-8465-4FFF01751F18}.Release|x86.Build.0 = Release|Any CPU
		{DAC0D217-0FE2-4AE9-9873-C67E865E2EE7}.Debug|Any CPU.ActiveCfg = Debug|Any CPU
		{DAC0D217-0FE2-4AE9-9873-C67E865E2EE7}.Debug|Any CPU.Build.0 = Debug|Any CPU
		{DAC0D217-0FE2-4AE9-9873-C67E865E2EE7}.Debug|x64.ActiveCfg = Debug|x64
		{DAC0D217-0FE2-4AE9-9873-C67E865E2EE7}.Debug|x64.Build.0 = Debug|x64
		{DAC0D217-0FE2-4AE9-9873-C67E865E2EE7}.Debug|x86.ActiveCfg = Debug|Any CPU
		{DAC0D217-0FE2-4AE9-9873-C67E865E2EE7}.Debug|x86.Build.0 = Debug|Any CPU
		{DAC0D217-0FE2-4AE9-9873-C67E865E2EE7}.Release|Any CPU.ActiveCfg = Release|Any CPU
		{DAC0D217-0FE2-4AE9-9873-C67E865E2EE7}.Release|Any CPU.Build.0 = Release|Any CPU
		{DAC0D217-0FE2-4AE9-9873-C67E865E2EE7}.Release|x64.ActiveCfg = Release|Any CPU
		{DAC0D217-0FE2-4AE9-9873-C67E865E2EE7}.Release|x64.Build.0 = Release|Any CPU
		{DAC0D217-0FE2-4AE9-9873-C67E865E2EE7}.Release|x86.ActiveCfg = Release|Any CPU
		{DAC0D217-0FE2-4AE9-9873-C67E865E2EE7}.Release|x86.Build.0 = Release|Any CPU
		{47047CE9-B856-4F76-B5D5-E5C5335F7AE4}.Debug|Any CPU.ActiveCfg = Debug|Any CPU
		{47047CE9-B856-4F76-B5D5-E5C5335F7AE4}.Debug|Any CPU.Build.0 = Debug|Any CPU
		{47047CE9-B856-4F76-B5D5-E5C5335F7AE4}.Debug|x64.ActiveCfg = Debug|x64
		{47047CE9-B856-4F76-B5D5-E5C5335F7AE4}.Debug|x64.Build.0 = Debug|x64
		{47047CE9-B856-4F76-B5D5-E5C5335F7AE4}.Debug|x86.ActiveCfg = Debug|Any CPU
		{47047CE9-B856-4F76-B5D5-E5C5335F7AE4}.Debug|x86.Build.0 = Debug|Any CPU
		{47047CE9-B856-4F76-B5D5-E5C5335F7AE4}.Release|Any CPU.ActiveCfg = Release|Any CPU
		{47047CE9-B856-4F76-B5D5-E5C5335F7AE4}.Release|Any CPU.Build.0 = Release|Any CPU
		{47047CE9-B856-4F76-B5D5-E5C5335F7AE4}.Release|x64.ActiveCfg = Release|Any CPU
		{47047CE9-B856-4F76-B5D5-E5C5335F7AE4}.Release|x64.Build.0 = Release|Any CPU
		{47047CE9-B856-4F76-B5D5-E5C5335F7AE4}.Release|x86.ActiveCfg = Release|Any CPU
		{47047CE9-B856-4F76-B5D5-E5C5335F7AE4}.Release|x86.Build.0 = Release|Any CPU
		{D52DAEB5-14B9-4044-BE52-B03394E05B7A}.Debug|Any CPU.ActiveCfg = Debug|Any CPU
		{D52DAEB5-14B9-4044-BE52-B03394E05B7A}.Debug|Any CPU.Build.0 = Debug|Any CPU
		{D52DAEB5-14B9-4044-BE52-B03394E05B7A}.Debug|x64.ActiveCfg = Debug|x64
		{D52DAEB5-14B9-4044-BE52-B03394E05B7A}.Debug|x64.Build.0 = Debug|x64
		{D52DAEB5-14B9-4044-BE52-B03394E05B7A}.Debug|x86.ActiveCfg = Debug|Any CPU
		{D52DAEB5-14B9-4044-BE52-B03394E05B7A}.Debug|x86.Build.0 = Debug|Any CPU
		{D52DAEB5-14B9-4044-BE52-B03394E05B7A}.Release|Any CPU.ActiveCfg = Release|Any CPU
		{D52DAEB5-14B9-4044-BE52-B03394E05B7A}.Release|Any CPU.Build.0 = Release|Any CPU
		{D52DAEB5-14B9-4044-BE52-B03394E05B7A}.Release|x64.ActiveCfg = Release|x64
		{D52DAEB5-14B9-4044-BE52-B03394E05B7A}.Release|x64.Build.0 = Release|x64
		{D52DAEB5-14B9-4044-BE52-B03394E05B7A}.Release|x86.ActiveCfg = Release|Any CPU
		{D52DAEB5-14B9-4044-BE52-B03394E05B7A}.Release|x86.Build.0 = Release|Any CPU
		{C5D2DFC3-A898-4190-9FE9-64FB589DCCCB}.Debug|Any CPU.ActiveCfg = Debug|Any CPU
		{C5D2DFC3-A898-4190-9FE9-64FB589DCCCB}.Debug|Any CPU.Build.0 = Debug|Any CPU
		{C5D2DFC3-A898-4190-9FE9-64FB589DCCCB}.Debug|x64.ActiveCfg = Debug|x64
		{C5D2DFC3-A898-4190-9FE9-64FB589DCCCB}.Debug|x64.Build.0 = Debug|x64
		{C5D2DFC3-A898-4190-9FE9-64FB589DCCCB}.Debug|x86.ActiveCfg = Debug|Any CPU
		{C5D2DFC3-A898-4190-9FE9-64FB589DCCCB}.Debug|x86.Build.0 = Debug|Any CPU
		{C5D2DFC3-A898-4190-9FE9-64FB589DCCCB}.Release|Any CPU.ActiveCfg = Release|Any CPU
		{C5D2DFC3-A898-4190-9FE9-64FB589DCCCB}.Release|Any CPU.Build.0 = Release|Any CPU
		{C5D2DFC3-A898-4190-9FE9-64FB589DCCCB}.Release|x64.ActiveCfg = Release|x64
		{C5D2DFC3-A898-4190-9FE9-64FB589DCCCB}.Release|x64.Build.0 = Release|x64
		{C5D2DFC3-A898-4190-9FE9-64FB589DCCCB}.Release|x86.ActiveCfg = Release|Any CPU
		{C5D2DFC3-A898-4190-9FE9-64FB589DCCCB}.Release|x86.Build.0 = Release|Any CPU
		{9E16230F-5637-4236-9C05-A930E8C0870B}.Debug|Any CPU.ActiveCfg = Debug|Any CPU
		{9E16230F-5637-4236-9C05-A930E8C0870B}.Debug|Any CPU.Build.0 = Debug|Any CPU
		{9E16230F-5637-4236-9C05-A930E8C0870B}.Debug|x64.ActiveCfg = Debug|x64
		{9E16230F-5637-4236-9C05-A930E8C0870B}.Debug|x64.Build.0 = Debug|x64
		{9E16230F-5637-4236-9C05-A930E8C0870B}.Debug|x86.ActiveCfg = Debug|Any CPU
		{9E16230F-5637-4236-9C05-A930E8C0870B}.Debug|x86.Build.0 = Debug|Any CPU
		{9E16230F-5637-4236-9C05-A930E8C0870B}.Release|Any CPU.ActiveCfg = Release|Any CPU
		{9E16230F-5637-4236-9C05-A930E8C0870B}.Release|Any CPU.Build.0 = Release|Any CPU
		{9E16230F-5637-4236-9C05-A930E8C0870B}.Release|x64.ActiveCfg = Release|Any CPU
		{9E16230F-5637-4236-9C05-A930E8C0870B}.Release|x64.Build.0 = Release|Any CPU
		{9E16230F-5637-4236-9C05-A930E8C0870B}.Release|x86.ActiveCfg = Release|Any CPU
		{9E16230F-5637-4236-9C05-A930E8C0870B}.Release|x86.Build.0 = Release|Any CPU
		{CF41731C-711C-4BF0-AFC5-3B7E0653412F}.Debug|Any CPU.ActiveCfg = Debug|Any CPU
		{CF41731C-711C-4BF0-AFC5-3B7E0653412F}.Debug|Any CPU.Build.0 = Debug|Any CPU
		{CF41731C-711C-4BF0-AFC5-3B7E0653412F}.Debug|x64.ActiveCfg = Debug|x64
		{CF41731C-711C-4BF0-AFC5-3B7E0653412F}.Debug|x64.Build.0 = Debug|x64
		{CF41731C-711C-4BF0-AFC5-3B7E0653412F}.Debug|x86.ActiveCfg = Debug|Any CPU
		{CF41731C-711C-4BF0-AFC5-3B7E0653412F}.Debug|x86.Build.0 = Debug|Any CPU
		{CF41731C-711C-4BF0-AFC5-3B7E0653412F}.Release|Any CPU.ActiveCfg = Release|Any CPU
		{CF41731C-711C-4BF0-AFC5-3B7E0653412F}.Release|Any CPU.Build.0 = Release|Any CPU
		{CF41731C-711C-4BF0-AFC5-3B7E0653412F}.Release|x64.ActiveCfg = Release|x64
		{CF41731C-711C-4BF0-AFC5-3B7E0653412F}.Release|x64.Build.0 = Release|x64
		{CF41731C-711C-4BF0-AFC5-3B7E0653412F}.Release|x86.ActiveCfg = Release|Any CPU
		{CF41731C-711C-4BF0-AFC5-3B7E0653412F}.Release|x86.Build.0 = Release|Any CPU
		{7079F626-B6A3-49B6-8318-995AC398067C}.Debug|Any CPU.ActiveCfg = Debug|Any CPU
		{7079F626-B6A3-49B6-8318-995AC398067C}.Debug|Any CPU.Build.0 = Debug|Any CPU
		{7079F626-B6A3-49B6-8318-995AC398067C}.Debug|x64.ActiveCfg = Debug|x64
		{7079F626-B6A3-49B6-8318-995AC398067C}.Debug|x64.Build.0 = Debug|x64
		{7079F626-B6A3-49B6-8318-995AC398067C}.Debug|x86.ActiveCfg = Debug|Any CPU
		{7079F626-B6A3-49B6-8318-995AC398067C}.Debug|x86.Build.0 = Debug|Any CPU
		{7079F626-B6A3-49B6-8318-995AC398067C}.Release|Any CPU.ActiveCfg = Release|Any CPU
		{7079F626-B6A3-49B6-8318-995AC398067C}.Release|Any CPU.Build.0 = Release|Any CPU
		{7079F626-B6A3-49B6-8318-995AC398067C}.Release|x64.ActiveCfg = Release|x64
		{7079F626-B6A3-49B6-8318-995AC398067C}.Release|x64.Build.0 = Release|x64
		{7079F626-B6A3-49B6-8318-995AC398067C}.Release|x86.ActiveCfg = Release|Any CPU
		{7079F626-B6A3-49B6-8318-995AC398067C}.Release|x86.Build.0 = Release|Any CPU
		{47B46FC3-4810-443C-BD38-BBCED2083471}.Debug|Any CPU.ActiveCfg = Debug|x64
		{47B46FC3-4810-443C-BD38-BBCED2083471}.Debug|Any CPU.Build.0 = Debug|x64
		{47B46FC3-4810-443C-BD38-BBCED2083471}.Debug|x64.ActiveCfg = Debug|x64
		{47B46FC3-4810-443C-BD38-BBCED2083471}.Debug|x64.Build.0 = Debug|x64
		{47B46FC3-4810-443C-BD38-BBCED2083471}.Debug|x86.ActiveCfg = Debug|Win32
		{47B46FC3-4810-443C-BD38-BBCED2083471}.Debug|x86.Build.0 = Debug|Win32
		{47B46FC3-4810-443C-BD38-BBCED2083471}.Release|Any CPU.ActiveCfg = Release|x64
		{47B46FC3-4810-443C-BD38-BBCED2083471}.Release|Any CPU.Build.0 = Release|x64
		{47B46FC3-4810-443C-BD38-BBCED2083471}.Release|x64.ActiveCfg = Release|x64
		{47B46FC3-4810-443C-BD38-BBCED2083471}.Release|x64.Build.0 = Release|x64
		{47B46FC3-4810-443C-BD38-BBCED2083471}.Release|x86.ActiveCfg = Release|Win32
		{47B46FC3-4810-443C-BD38-BBCED2083471}.Release|x86.Build.0 = Release|Win32
		{819C25B3-88BE-4E44-8492-26664380F632}.Debug|Any CPU.ActiveCfg = Debug|Any CPU
		{819C25B3-88BE-4E44-8492-26664380F632}.Debug|Any CPU.Build.0 = Debug|Any CPU
		{819C25B3-88BE-4E44-8492-26664380F632}.Debug|x64.ActiveCfg = Debug|x64
		{819C25B3-88BE-4E44-8492-26664380F632}.Debug|x64.Build.0 = Debug|x64
		{819C25B3-88BE-4E44-8492-26664380F632}.Debug|x86.ActiveCfg = Debug|Any CPU
		{819C25B3-88BE-4E44-8492-26664380F632}.Debug|x86.Build.0 = Debug|Any CPU
		{819C25B3-88BE-4E44-8492-26664380F632}.Release|Any CPU.ActiveCfg = Release|Any CPU
		{819C25B3-88BE-4E44-8492-26664380F632}.Release|Any CPU.Build.0 = Release|Any CPU
		{819C25B3-88BE-4E44-8492-26664380F632}.Release|x64.ActiveCfg = Release|x64
		{819C25B3-88BE-4E44-8492-26664380F632}.Release|x64.Build.0 = Release|x64
		{819C25B3-88BE-4E44-8492-26664380F632}.Release|x86.ActiveCfg = Release|Any CPU
		{819C25B3-88BE-4E44-8492-26664380F632}.Release|x86.Build.0 = Release|Any CPU
		{33316492-64CE-438F-8F74-C6CD00A1A73F}.Debug|Any CPU.ActiveCfg = Debug|Any CPU
		{33316492-64CE-438F-8F74-C6CD00A1A73F}.Debug|Any CPU.Build.0 = Debug|Any CPU
		{33316492-64CE-438F-8F74-C6CD00A1A73F}.Debug|x64.ActiveCfg = Debug|Any CPU
		{33316492-64CE-438F-8F74-C6CD00A1A73F}.Debug|x64.Build.0 = Debug|Any CPU
		{33316492-64CE-438F-8F74-C6CD00A1A73F}.Debug|x86.ActiveCfg = Debug|Any CPU
		{33316492-64CE-438F-8F74-C6CD00A1A73F}.Debug|x86.Build.0 = Debug|Any CPU
		{33316492-64CE-438F-8F74-C6CD00A1A73F}.Release|Any CPU.ActiveCfg = Release|Any CPU
		{33316492-64CE-438F-8F74-C6CD00A1A73F}.Release|Any CPU.Build.0 = Release|Any CPU
		{33316492-64CE-438F-8F74-C6CD00A1A73F}.Release|x64.ActiveCfg = Release|Any CPU
		{33316492-64CE-438F-8F74-C6CD00A1A73F}.Release|x64.Build.0 = Release|Any CPU
		{33316492-64CE-438F-8F74-C6CD00A1A73F}.Release|x86.ActiveCfg = Release|Any CPU
		{33316492-64CE-438F-8F74-C6CD00A1A73F}.Release|x86.Build.0 = Release|Any CPU
		{60B88D8E-2966-4997-81B9-499F59056FAA}.Debug|Any CPU.ActiveCfg = Debug|Any CPU
		{60B88D8E-2966-4997-81B9-499F59056FAA}.Debug|Any CPU.Build.0 = Debug|Any CPU
		{60B88D8E-2966-4997-81B9-499F59056FAA}.Debug|x64.ActiveCfg = Debug|Any CPU
		{60B88D8E-2966-4997-81B9-499F59056FAA}.Debug|x64.Build.0 = Debug|Any CPU
		{60B88D8E-2966-4997-81B9-499F59056FAA}.Debug|x86.ActiveCfg = Debug|Any CPU
		{60B88D8E-2966-4997-81B9-499F59056FAA}.Debug|x86.Build.0 = Debug|Any CPU
		{60B88D8E-2966-4997-81B9-499F59056FAA}.Release|Any CPU.ActiveCfg = Release|Any CPU
		{60B88D8E-2966-4997-81B9-499F59056FAA}.Release|Any CPU.Build.0 = Release|Any CPU
		{60B88D8E-2966-4997-81B9-499F59056FAA}.Release|x64.ActiveCfg = Release|Any CPU
		{60B88D8E-2966-4997-81B9-499F59056FAA}.Release|x64.Build.0 = Release|Any CPU
		{60B88D8E-2966-4997-81B9-499F59056FAA}.Release|x86.ActiveCfg = Release|Any CPU
		{60B88D8E-2966-4997-81B9-499F59056FAA}.Release|x86.Build.0 = Release|Any CPU
		{E63E760B-B905-4BE1-92F1-86C3603C6FB8}.Debug|Any CPU.ActiveCfg = Debug|Any CPU
		{E63E760B-B905-4BE1-92F1-86C3603C6FB8}.Debug|Any CPU.Build.0 = Debug|Any CPU
		{E63E760B-B905-4BE1-92F1-86C3603C6FB8}.Debug|x64.ActiveCfg = Debug|Any CPU
		{E63E760B-B905-4BE1-92F1-86C3603C6FB8}.Debug|x64.Build.0 = Debug|Any CPU
		{E63E760B-B905-4BE1-92F1-86C3603C6FB8}.Debug|x86.ActiveCfg = Debug|Any CPU
		{E63E760B-B905-4BE1-92F1-86C3603C6FB8}.Debug|x86.Build.0 = Debug|Any CPU
		{E63E760B-B905-4BE1-92F1-86C3603C6FB8}.Release|Any CPU.ActiveCfg = Release|Any CPU
		{E63E760B-B905-4BE1-92F1-86C3603C6FB8}.Release|Any CPU.Build.0 = Release|Any CPU
		{E63E760B-B905-4BE1-92F1-86C3603C6FB8}.Release|x64.ActiveCfg = Release|Any CPU
		{E63E760B-B905-4BE1-92F1-86C3603C6FB8}.Release|x64.Build.0 = Release|Any CPU
		{E63E760B-B905-4BE1-92F1-86C3603C6FB8}.Release|x86.ActiveCfg = Release|Any CPU
		{E63E760B-B905-4BE1-92F1-86C3603C6FB8}.Release|x86.Build.0 = Release|Any CPU
		{36EC0D68-D5CC-4B18-BD5B-B4FBBBD63C99}.Debug|Any CPU.ActiveCfg = Debug|Any CPU
		{36EC0D68-D5CC-4B18-BD5B-B4FBBBD63C99}.Debug|Any CPU.Build.0 = Debug|Any CPU
		{36EC0D68-D5CC-4B18-BD5B-B4FBBBD63C99}.Debug|x64.ActiveCfg = Debug|Any CPU
		{36EC0D68-D5CC-4B18-BD5B-B4FBBBD63C99}.Debug|x64.Build.0 = Debug|Any CPU
		{36EC0D68-D5CC-4B18-BD5B-B4FBBBD63C99}.Debug|x86.ActiveCfg = Debug|Any CPU
		{36EC0D68-D5CC-4B18-BD5B-B4FBBBD63C99}.Debug|x86.Build.0 = Debug|Any CPU
		{36EC0D68-D5CC-4B18-BD5B-B4FBBBD63C99}.Release|Any CPU.ActiveCfg = Release|Any CPU
		{36EC0D68-D5CC-4B18-BD5B-B4FBBBD63C99}.Release|Any CPU.Build.0 = Release|Any CPU
		{36EC0D68-D5CC-4B18-BD5B-B4FBBBD63C99}.Release|x64.ActiveCfg = Release|Any CPU
		{36EC0D68-D5CC-4B18-BD5B-B4FBBBD63C99}.Release|x64.Build.0 = Release|Any CPU
		{36EC0D68-D5CC-4B18-BD5B-B4FBBBD63C99}.Release|x86.ActiveCfg = Release|Any CPU
		{36EC0D68-D5CC-4B18-BD5B-B4FBBBD63C99}.Release|x86.Build.0 = Release|Any CPU
		{04F7059F-85E8-4AF8-A5A7-E9BCC32CB2FF}.Debug|Any CPU.ActiveCfg = Debug|Any CPU
		{04F7059F-85E8-4AF8-A5A7-E9BCC32CB2FF}.Debug|Any CPU.Build.0 = Debug|Any CPU
		{04F7059F-85E8-4AF8-A5A7-E9BCC32CB2FF}.Debug|x64.ActiveCfg = Debug|Any CPU
		{04F7059F-85E8-4AF8-A5A7-E9BCC32CB2FF}.Debug|x64.Build.0 = Debug|Any CPU
		{04F7059F-85E8-4AF8-A5A7-E9BCC32CB2FF}.Debug|x86.ActiveCfg = Debug|Any CPU
		{04F7059F-85E8-4AF8-A5A7-E9BCC32CB2FF}.Debug|x86.Build.0 = Debug|Any CPU
		{04F7059F-85E8-4AF8-A5A7-E9BCC32CB2FF}.Release|Any CPU.ActiveCfg = Release|Any CPU
		{04F7059F-85E8-4AF8-A5A7-E9BCC32CB2FF}.Release|Any CPU.Build.0 = Release|Any CPU
		{04F7059F-85E8-4AF8-A5A7-E9BCC32CB2FF}.Release|x64.ActiveCfg = Release|Any CPU
		{04F7059F-85E8-4AF8-A5A7-E9BCC32CB2FF}.Release|x64.Build.0 = Release|Any CPU
		{04F7059F-85E8-4AF8-A5A7-E9BCC32CB2FF}.Release|x86.ActiveCfg = Release|Any CPU
		{04F7059F-85E8-4AF8-A5A7-E9BCC32CB2FF}.Release|x86.Build.0 = Release|Any CPU
		{17F7C2BF-829F-4E7A-85C1-F1DC919BB671}.Debug|Any CPU.ActiveCfg = Debug|Any CPU
		{17F7C2BF-829F-4E7A-85C1-F1DC919BB671}.Debug|Any CPU.Build.0 = Debug|Any CPU
		{17F7C2BF-829F-4E7A-85C1-F1DC919BB671}.Debug|x64.ActiveCfg = Debug|Any CPU
		{17F7C2BF-829F-4E7A-85C1-F1DC919BB671}.Debug|x64.Build.0 = Debug|Any CPU
		{17F7C2BF-829F-4E7A-85C1-F1DC919BB671}.Debug|x86.ActiveCfg = Debug|Any CPU
		{17F7C2BF-829F-4E7A-85C1-F1DC919BB671}.Debug|x86.Build.0 = Debug|Any CPU
		{17F7C2BF-829F-4E7A-85C1-F1DC919BB671}.Release|Any CPU.ActiveCfg = Release|Any CPU
		{17F7C2BF-829F-4E7A-85C1-F1DC919BB671}.Release|Any CPU.Build.0 = Release|Any CPU
		{17F7C2BF-829F-4E7A-85C1-F1DC919BB671}.Release|x64.ActiveCfg = Release|Any CPU
		{17F7C2BF-829F-4E7A-85C1-F1DC919BB671}.Release|x64.Build.0 = Release|Any CPU
		{17F7C2BF-829F-4E7A-85C1-F1DC919BB671}.Release|x86.ActiveCfg = Release|Any CPU
		{17F7C2BF-829F-4E7A-85C1-F1DC919BB671}.Release|x86.Build.0 = Release|Any CPU
		{073D5F84-0EB6-4494-829C-CC3D227317A2}.Debug|Any CPU.ActiveCfg = Debug|Any CPU
		{073D5F84-0EB6-4494-829C-CC3D227317A2}.Debug|Any CPU.Build.0 = Debug|Any CPU
		{073D5F84-0EB6-4494-829C-CC3D227317A2}.Debug|x64.ActiveCfg = Debug|Any CPU
		{073D5F84-0EB6-4494-829C-CC3D227317A2}.Debug|x64.Build.0 = Debug|Any CPU
		{073D5F84-0EB6-4494-829C-CC3D227317A2}.Debug|x86.ActiveCfg = Debug|Any CPU
		{073D5F84-0EB6-4494-829C-CC3D227317A2}.Debug|x86.Build.0 = Debug|Any CPU
		{073D5F84-0EB6-4494-829C-CC3D227317A2}.Release|Any CPU.ActiveCfg = Release|Any CPU
		{073D5F84-0EB6-4494-829C-CC3D227317A2}.Release|Any CPU.Build.0 = Release|Any CPU
		{073D5F84-0EB6-4494-829C-CC3D227317A2}.Release|x64.ActiveCfg = Release|Any CPU
		{073D5F84-0EB6-4494-829C-CC3D227317A2}.Release|x64.Build.0 = Release|Any CPU
		{073D5F84-0EB6-4494-829C-CC3D227317A2}.Release|x86.ActiveCfg = Release|Any CPU
		{073D5F84-0EB6-4494-829C-CC3D227317A2}.Release|x86.Build.0 = Release|Any CPU
		{0FC41703-C7BA-4FB5-BAA0-9534EA0505DB}.Debug|Any CPU.ActiveCfg = Debug|Any CPU
		{0FC41703-C7BA-4FB5-BAA0-9534EA0505DB}.Debug|Any CPU.Build.0 = Debug|Any CPU
		{0FC41703-C7BA-4FB5-BAA0-9534EA0505DB}.Debug|x64.ActiveCfg = Debug|Any CPU
		{0FC41703-C7BA-4FB5-BAA0-9534EA0505DB}.Debug|x64.Build.0 = Debug|Any CPU
		{0FC41703-C7BA-4FB5-BAA0-9534EA0505DB}.Debug|x86.ActiveCfg = Debug|Any CPU
		{0FC41703-C7BA-4FB5-BAA0-9534EA0505DB}.Debug|x86.Build.0 = Debug|Any CPU
		{0FC41703-C7BA-4FB5-BAA0-9534EA0505DB}.Release|Any CPU.ActiveCfg = Release|Any CPU
		{0FC41703-C7BA-4FB5-BAA0-9534EA0505DB}.Release|Any CPU.Build.0 = Release|Any CPU
		{0FC41703-C7BA-4FB5-BAA0-9534EA0505DB}.Release|x64.ActiveCfg = Release|Any CPU
		{0FC41703-C7BA-4FB5-BAA0-9534EA0505DB}.Release|x64.Build.0 = Release|Any CPU
		{0FC41703-C7BA-4FB5-BAA0-9534EA0505DB}.Release|x86.ActiveCfg = Release|Any CPU
		{0FC41703-C7BA-4FB5-BAA0-9534EA0505DB}.Release|x86.Build.0 = Release|Any CPU
		{A10A0C94-53F8-489B-8F6B-58871C37962B}.Debug|Any CPU.ActiveCfg = Debug|Any CPU
		{A10A0C94-53F8-489B-8F6B-58871C37962B}.Debug|Any CPU.Build.0 = Debug|Any CPU
		{A10A0C94-53F8-489B-8F6B-58871C37962B}.Debug|x64.ActiveCfg = Debug|Any CPU
		{A10A0C94-53F8-489B-8F6B-58871C37962B}.Debug|x64.Build.0 = Debug|Any CPU
		{A10A0C94-53F8-489B-8F6B-58871C37962B}.Debug|x86.ActiveCfg = Debug|Any CPU
		{A10A0C94-53F8-489B-8F6B-58871C37962B}.Debug|x86.Build.0 = Debug|Any CPU
		{A10A0C94-53F8-489B-8F6B-58871C37962B}.Release|Any CPU.ActiveCfg = Release|Any CPU
		{A10A0C94-53F8-489B-8F6B-58871C37962B}.Release|Any CPU.Build.0 = Release|Any CPU
		{A10A0C94-53F8-489B-8F6B-58871C37962B}.Release|x64.ActiveCfg = Release|Any CPU
		{A10A0C94-53F8-489B-8F6B-58871C37962B}.Release|x64.Build.0 = Release|Any CPU
		{A10A0C94-53F8-489B-8F6B-58871C37962B}.Release|x86.ActiveCfg = Release|Any CPU
		{A10A0C94-53F8-489B-8F6B-58871C37962B}.Release|x86.Build.0 = Release|Any CPU
		{6B90F060-0588-45AA-B102-C3BCCF6FB5B1}.Debug|Any CPU.ActiveCfg = Debug|Any CPU
		{6B90F060-0588-45AA-B102-C3BCCF6FB5B1}.Debug|Any CPU.Build.0 = Debug|Any CPU
		{6B90F060-0588-45AA-B102-C3BCCF6FB5B1}.Debug|x64.ActiveCfg = Debug|Any CPU
		{6B90F060-0588-45AA-B102-C3BCCF6FB5B1}.Debug|x64.Build.0 = Debug|Any CPU
		{6B90F060-0588-45AA-B102-C3BCCF6FB5B1}.Debug|x86.ActiveCfg = Debug|Any CPU
		{6B90F060-0588-45AA-B102-C3BCCF6FB5B1}.Debug|x86.Build.0 = Debug|Any CPU
		{6B90F060-0588-45AA-B102-C3BCCF6FB5B1}.Release|Any CPU.ActiveCfg = Release|Any CPU
		{6B90F060-0588-45AA-B102-C3BCCF6FB5B1}.Release|Any CPU.Build.0 = Release|Any CPU
		{6B90F060-0588-45AA-B102-C3BCCF6FB5B1}.Release|x64.ActiveCfg = Release|Any CPU
		{6B90F060-0588-45AA-B102-C3BCCF6FB5B1}.Release|x64.Build.0 = Release|Any CPU
		{6B90F060-0588-45AA-B102-C3BCCF6FB5B1}.Release|x86.ActiveCfg = Release|Any CPU
		{6B90F060-0588-45AA-B102-C3BCCF6FB5B1}.Release|x86.Build.0 = Release|Any CPU
		{E51132BA-3447-4C8E-A872-363E5C2B56AA}.Debug|Any CPU.ActiveCfg = Debug|Any CPU
		{E51132BA-3447-4C8E-A872-363E5C2B56AA}.Debug|Any CPU.Build.0 = Debug|Any CPU
		{E51132BA-3447-4C8E-A872-363E5C2B56AA}.Debug|x64.ActiveCfg = Debug|Any CPU
		{E51132BA-3447-4C8E-A872-363E5C2B56AA}.Debug|x64.Build.0 = Debug|Any CPU
		{E51132BA-3447-4C8E-A872-363E5C2B56AA}.Debug|x86.ActiveCfg = Debug|Any CPU
		{E51132BA-3447-4C8E-A872-363E5C2B56AA}.Debug|x86.Build.0 = Debug|Any CPU
		{E51132BA-3447-4C8E-A872-363E5C2B56AA}.Release|Any CPU.ActiveCfg = Release|Any CPU
		{E51132BA-3447-4C8E-A872-363E5C2B56AA}.Release|Any CPU.Build.0 = Release|Any CPU
		{E51132BA-3447-4C8E-A872-363E5C2B56AA}.Release|x64.ActiveCfg = Release|Any CPU
		{E51132BA-3447-4C8E-A872-363E5C2B56AA}.Release|x64.Build.0 = Release|Any CPU
		{E51132BA-3447-4C8E-A872-363E5C2B56AA}.Release|x86.ActiveCfg = Release|Any CPU
		{E51132BA-3447-4C8E-A872-363E5C2B56AA}.Release|x86.Build.0 = Release|Any CPU
		{FD327DB3-1DB5-469F-A8CA-DABB953968F6}.Debug|Any CPU.ActiveCfg = Debug|Any CPU
		{FD327DB3-1DB5-469F-A8CA-DABB953968F6}.Debug|Any CPU.Build.0 = Debug|Any CPU
		{FD327DB3-1DB5-469F-A8CA-DABB953968F6}.Debug|x64.ActiveCfg = Debug|Any CPU
		{FD327DB3-1DB5-469F-A8CA-DABB953968F6}.Debug|x64.Build.0 = Debug|Any CPU
		{FD327DB3-1DB5-469F-A8CA-DABB953968F6}.Debug|x86.ActiveCfg = Debug|Any CPU
		{FD327DB3-1DB5-469F-A8CA-DABB953968F6}.Debug|x86.Build.0 = Debug|Any CPU
		{FD327DB3-1DB5-469F-A8CA-DABB953968F6}.Release|Any CPU.ActiveCfg = Release|Any CPU
		{FD327DB3-1DB5-469F-A8CA-DABB953968F6}.Release|Any CPU.Build.0 = Release|Any CPU
		{FD327DB3-1DB5-469F-A8CA-DABB953968F6}.Release|x64.ActiveCfg = Release|Any CPU
		{FD327DB3-1DB5-469F-A8CA-DABB953968F6}.Release|x64.Build.0 = Release|Any CPU
		{FD327DB3-1DB5-469F-A8CA-DABB953968F6}.Release|x86.ActiveCfg = Release|Any CPU
		{FD327DB3-1DB5-469F-A8CA-DABB953968F6}.Release|x86.Build.0 = Release|Any CPU
		{A7873746-9A02-4C91-9DA0-87A7F34C361F}.Debug|Any CPU.ActiveCfg = Debug|Any CPU
		{A7873746-9A02-4C91-9DA0-87A7F34C361F}.Debug|Any CPU.Build.0 = Debug|Any CPU
		{A7873746-9A02-4C91-9DA0-87A7F34C361F}.Debug|x64.ActiveCfg = Debug|Any CPU
		{A7873746-9A02-4C91-9DA0-87A7F34C361F}.Debug|x64.Build.0 = Debug|Any CPU
		{A7873746-9A02-4C91-9DA0-87A7F34C361F}.Debug|x86.ActiveCfg = Debug|Any CPU
		{A7873746-9A02-4C91-9DA0-87A7F34C361F}.Debug|x86.Build.0 = Debug|Any CPU
		{A7873746-9A02-4C91-9DA0-87A7F34C361F}.Release|Any CPU.ActiveCfg = Release|Any CPU
		{A7873746-9A02-4C91-9DA0-87A7F34C361F}.Release|Any CPU.Build.0 = Release|Any CPU
		{A7873746-9A02-4C91-9DA0-87A7F34C361F}.Release|x64.ActiveCfg = Release|Any CPU
		{A7873746-9A02-4C91-9DA0-87A7F34C361F}.Release|x64.Build.0 = Release|Any CPU
		{A7873746-9A02-4C91-9DA0-87A7F34C361F}.Release|x86.ActiveCfg = Release|Any CPU
		{A7873746-9A02-4C91-9DA0-87A7F34C361F}.Release|x86.Build.0 = Release|Any CPU
		{935AEF8D-439D-43B4-85EF-6D325F3E7737}.Debug|Any CPU.ActiveCfg = Debug|Any CPU
		{935AEF8D-439D-43B4-85EF-6D325F3E7737}.Debug|Any CPU.Build.0 = Debug|Any CPU
		{935AEF8D-439D-43B4-85EF-6D325F3E7737}.Debug|x64.ActiveCfg = Debug|Any CPU
		{935AEF8D-439D-43B4-85EF-6D325F3E7737}.Debug|x64.Build.0 = Debug|Any CPU
		{935AEF8D-439D-43B4-85EF-6D325F3E7737}.Debug|x86.ActiveCfg = Debug|Any CPU
		{935AEF8D-439D-43B4-85EF-6D325F3E7737}.Debug|x86.Build.0 = Debug|Any CPU
		{935AEF8D-439D-43B4-85EF-6D325F3E7737}.Release|Any CPU.ActiveCfg = Release|Any CPU
		{935AEF8D-439D-43B4-85EF-6D325F3E7737}.Release|Any CPU.Build.0 = Release|Any CPU
		{935AEF8D-439D-43B4-85EF-6D325F3E7737}.Release|x64.ActiveCfg = Release|Any CPU
		{935AEF8D-439D-43B4-85EF-6D325F3E7737}.Release|x64.Build.0 = Release|Any CPU
		{935AEF8D-439D-43B4-85EF-6D325F3E7737}.Release|x86.ActiveCfg = Release|Any CPU
		{935AEF8D-439D-43B4-85EF-6D325F3E7737}.Release|x86.Build.0 = Release|Any CPU
		{94D22588-CF59-4C06-B360-F7AD6880067E}.Debug|Any CPU.ActiveCfg = Debug|Any CPU
		{94D22588-CF59-4C06-B360-F7AD6880067E}.Debug|Any CPU.Build.0 = Debug|Any CPU
		{94D22588-CF59-4C06-B360-F7AD6880067E}.Debug|x64.ActiveCfg = Debug|Any CPU
		{94D22588-CF59-4C06-B360-F7AD6880067E}.Debug|x64.Build.0 = Debug|Any CPU
		{94D22588-CF59-4C06-B360-F7AD6880067E}.Debug|x86.ActiveCfg = Debug|Any CPU
		{94D22588-CF59-4C06-B360-F7AD6880067E}.Debug|x86.Build.0 = Debug|Any CPU
		{94D22588-CF59-4C06-B360-F7AD6880067E}.Release|Any CPU.ActiveCfg = Release|Any CPU
		{94D22588-CF59-4C06-B360-F7AD6880067E}.Release|Any CPU.Build.0 = Release|Any CPU
		{94D22588-CF59-4C06-B360-F7AD6880067E}.Release|x64.ActiveCfg = Release|Any CPU
		{94D22588-CF59-4C06-B360-F7AD6880067E}.Release|x64.Build.0 = Release|Any CPU
		{94D22588-CF59-4C06-B360-F7AD6880067E}.Release|x86.ActiveCfg = Release|Any CPU
		{94D22588-CF59-4C06-B360-F7AD6880067E}.Release|x86.Build.0 = Release|Any CPU
		{EB88D265-8EE3-43F0-91C0-8605B684BC58}.Debug|Any CPU.ActiveCfg = Debug|Any CPU
		{EB88D265-8EE3-43F0-91C0-8605B684BC58}.Debug|Any CPU.Build.0 = Debug|Any CPU
		{EB88D265-8EE3-43F0-91C0-8605B684BC58}.Debug|x64.ActiveCfg = Debug|x64
		{EB88D265-8EE3-43F0-91C0-8605B684BC58}.Debug|x64.Build.0 = Debug|x64
		{EB88D265-8EE3-43F0-91C0-8605B684BC58}.Debug|x86.ActiveCfg = Debug|Any CPU
		{EB88D265-8EE3-43F0-91C0-8605B684BC58}.Debug|x86.Build.0 = Debug|Any CPU
		{EB88D265-8EE3-43F0-91C0-8605B684BC58}.Release|Any CPU.ActiveCfg = Release|Any CPU
		{EB88D265-8EE3-43F0-91C0-8605B684BC58}.Release|Any CPU.Build.0 = Release|Any CPU
		{EB88D265-8EE3-43F0-91C0-8605B684BC58}.Release|x64.ActiveCfg = Release|x64
		{EB88D265-8EE3-43F0-91C0-8605B684BC58}.Release|x64.Build.0 = Release|x64
		{EB88D265-8EE3-43F0-91C0-8605B684BC58}.Release|x86.ActiveCfg = Release|Any CPU
		{EB88D265-8EE3-43F0-91C0-8605B684BC58}.Release|x86.Build.0 = Release|Any CPU
		{D0009ECA-13A5-4689-A355-C768B75399EE}.Debug|Any CPU.ActiveCfg = Debug|x64
		{D0009ECA-13A5-4689-A355-C768B75399EE}.Debug|Any CPU.Build.0 = Debug|x64
		{D0009ECA-13A5-4689-A355-C768B75399EE}.Debug|x64.ActiveCfg = Debug|x64
		{D0009ECA-13A5-4689-A355-C768B75399EE}.Debug|x64.Build.0 = Debug|x64
		{D0009ECA-13A5-4689-A355-C768B75399EE}.Debug|x86.ActiveCfg = Debug|Win32
		{D0009ECA-13A5-4689-A355-C768B75399EE}.Debug|x86.Build.0 = Debug|Win32
		{D0009ECA-13A5-4689-A355-C768B75399EE}.Release|Any CPU.ActiveCfg = Release|x64
		{D0009ECA-13A5-4689-A355-C768B75399EE}.Release|Any CPU.Build.0 = Release|x64
		{D0009ECA-13A5-4689-A355-C768B75399EE}.Release|x64.ActiveCfg = Release|x64
		{D0009ECA-13A5-4689-A355-C768B75399EE}.Release|x64.Build.0 = Release|x64
		{D0009ECA-13A5-4689-A355-C768B75399EE}.Release|x86.ActiveCfg = Release|Win32
		{D0009ECA-13A5-4689-A355-C768B75399EE}.Release|x86.Build.0 = Release|Win32
		{C79F707D-3825-42CD-AE44-1DA571B6ECE1}.Debug|Any CPU.ActiveCfg = Debug|Any CPU
		{C79F707D-3825-42CD-AE44-1DA571B6ECE1}.Debug|Any CPU.Build.0 = Debug|Any CPU
		{C79F707D-3825-42CD-AE44-1DA571B6ECE1}.Debug|x64.ActiveCfg = Debug|x64
		{C79F707D-3825-42CD-AE44-1DA571B6ECE1}.Debug|x64.Build.0 = Debug|x64
		{C79F707D-3825-42CD-AE44-1DA571B6ECE1}.Debug|x86.ActiveCfg = Debug|Any CPU
		{C79F707D-3825-42CD-AE44-1DA571B6ECE1}.Debug|x86.Build.0 = Debug|Any CPU
		{C79F707D-3825-42CD-AE44-1DA571B6ECE1}.Release|Any CPU.ActiveCfg = Release|Any CPU
		{C79F707D-3825-42CD-AE44-1DA571B6ECE1}.Release|Any CPU.Build.0 = Release|Any CPU
		{C79F707D-3825-42CD-AE44-1DA571B6ECE1}.Release|x64.ActiveCfg = Release|x64
		{C79F707D-3825-42CD-AE44-1DA571B6ECE1}.Release|x64.Build.0 = Release|x64
		{C79F707D-3825-42CD-AE44-1DA571B6ECE1}.Release|x86.ActiveCfg = Release|Any CPU
		{C79F707D-3825-42CD-AE44-1DA571B6ECE1}.Release|x86.Build.0 = Release|Any CPU
		{8A803012-5C8B-464C-869A-7EF153B047DB}.Debug|Any CPU.ActiveCfg = Debug|Any CPU
		{8A803012-5C8B-464C-869A-7EF153B047DB}.Debug|Any CPU.Build.0 = Debug|Any CPU
		{8A803012-5C8B-464C-869A-7EF153B047DB}.Debug|x64.ActiveCfg = Debug|x64
		{8A803012-5C8B-464C-869A-7EF153B047DB}.Debug|x64.Build.0 = Debug|x64
		{8A803012-5C8B-464C-869A-7EF153B047DB}.Debug|x86.ActiveCfg = Debug|Any CPU
		{8A803012-5C8B-464C-869A-7EF153B047DB}.Debug|x86.Build.0 = Debug|Any CPU
		{8A803012-5C8B-464C-869A-7EF153B047DB}.Release|Any CPU.ActiveCfg = Release|Any CPU
		{8A803012-5C8B-464C-869A-7EF153B047DB}.Release|Any CPU.Build.0 = Release|Any CPU
		{8A803012-5C8B-464C-869A-7EF153B047DB}.Release|x64.ActiveCfg = Release|x64
		{8A803012-5C8B-464C-869A-7EF153B047DB}.Release|x64.Build.0 = Release|x64
		{8A803012-5C8B-464C-869A-7EF153B047DB}.Release|x86.ActiveCfg = Release|Any CPU
		{8A803012-5C8B-464C-869A-7EF153B047DB}.Release|x86.Build.0 = Release|Any CPU
		{0437BDA5-5753-4C3B-A818-1B8E70A30C59}.Debug|Any CPU.ActiveCfg = Debug|Any CPU
		{0437BDA5-5753-4C3B-A818-1B8E70A30C59}.Debug|Any CPU.Build.0 = Debug|Any CPU
		{0437BDA5-5753-4C3B-A818-1B8E70A30C59}.Debug|x64.ActiveCfg = Debug|Any CPU
		{0437BDA5-5753-4C3B-A818-1B8E70A30C59}.Debug|x64.Build.0 = Debug|Any CPU
		{0437BDA5-5753-4C3B-A818-1B8E70A30C59}.Debug|x86.ActiveCfg = Debug|Any CPU
		{0437BDA5-5753-4C3B-A818-1B8E70A30C59}.Debug|x86.Build.0 = Debug|Any CPU
		{0437BDA5-5753-4C3B-A818-1B8E70A30C59}.Release|Any CPU.ActiveCfg = Release|Any CPU
		{0437BDA5-5753-4C3B-A818-1B8E70A30C59}.Release|Any CPU.Build.0 = Release|Any CPU
		{0437BDA5-5753-4C3B-A818-1B8E70A30C59}.Release|x64.ActiveCfg = Release|Any CPU
		{0437BDA5-5753-4C3B-A818-1B8E70A30C59}.Release|x64.Build.0 = Release|Any CPU
		{0437BDA5-5753-4C3B-A818-1B8E70A30C59}.Release|x86.ActiveCfg = Release|Any CPU
		{0437BDA5-5753-4C3B-A818-1B8E70A30C59}.Release|x86.Build.0 = Release|Any CPU
		{977FB3F5-9DB5-4113-AB22-6568F75DC2AF}.Debug|Any CPU.ActiveCfg = Debug|Any CPU
		{977FB3F5-9DB5-4113-AB22-6568F75DC2AF}.Debug|Any CPU.Build.0 = Debug|Any CPU
		{977FB3F5-9DB5-4113-AB22-6568F75DC2AF}.Debug|x64.ActiveCfg = Debug|Any CPU
		{977FB3F5-9DB5-4113-AB22-6568F75DC2AF}.Debug|x64.Build.0 = Debug|Any CPU
		{977FB3F5-9DB5-4113-AB22-6568F75DC2AF}.Debug|x86.ActiveCfg = Debug|Any CPU
		{977FB3F5-9DB5-4113-AB22-6568F75DC2AF}.Debug|x86.Build.0 = Debug|Any CPU
		{977FB3F5-9DB5-4113-AB22-6568F75DC2AF}.Release|Any CPU.ActiveCfg = Release|Any CPU
		{977FB3F5-9DB5-4113-AB22-6568F75DC2AF}.Release|Any CPU.Build.0 = Release|Any CPU
		{977FB3F5-9DB5-4113-AB22-6568F75DC2AF}.Release|x64.ActiveCfg = Release|Any CPU
		{977FB3F5-9DB5-4113-AB22-6568F75DC2AF}.Release|x64.Build.0 = Release|Any CPU
		{977FB3F5-9DB5-4113-AB22-6568F75DC2AF}.Release|x86.ActiveCfg = Release|Any CPU
		{977FB3F5-9DB5-4113-AB22-6568F75DC2AF}.Release|x86.Build.0 = Release|Any CPU
		{B03D1330-1929-4AAE-9CD7-2981DB5041AE}.Debug|Any CPU.ActiveCfg = Debug|Any CPU
		{B03D1330-1929-4AAE-9CD7-2981DB5041AE}.Debug|Any CPU.Build.0 = Debug|Any CPU
		{B03D1330-1929-4AAE-9CD7-2981DB5041AE}.Debug|x64.ActiveCfg = Debug|Any CPU
		{B03D1330-1929-4AAE-9CD7-2981DB5041AE}.Debug|x64.Build.0 = Debug|Any CPU
		{B03D1330-1929-4AAE-9CD7-2981DB5041AE}.Debug|x86.ActiveCfg = Debug|Any CPU
		{B03D1330-1929-4AAE-9CD7-2981DB5041AE}.Debug|x86.Build.0 = Debug|Any CPU
		{B03D1330-1929-4AAE-9CD7-2981DB5041AE}.Release|Any CPU.ActiveCfg = Release|Any CPU
		{B03D1330-1929-4AAE-9CD7-2981DB5041AE}.Release|Any CPU.Build.0 = Release|Any CPU
		{B03D1330-1929-4AAE-9CD7-2981DB5041AE}.Release|x64.ActiveCfg = Release|Any CPU
		{B03D1330-1929-4AAE-9CD7-2981DB5041AE}.Release|x64.Build.0 = Release|Any CPU
		{B03D1330-1929-4AAE-9CD7-2981DB5041AE}.Release|x86.ActiveCfg = Release|Any CPU
		{B03D1330-1929-4AAE-9CD7-2981DB5041AE}.Release|x86.Build.0 = Release|Any CPU
		{C2594CB2-FCA4-409E-A453-BB1EF34C63DB}.Debug|Any CPU.ActiveCfg = Debug|Any CPU
		{C2594CB2-FCA4-409E-A453-BB1EF34C63DB}.Debug|Any CPU.Build.0 = Debug|Any CPU
		{C2594CB2-FCA4-409E-A453-BB1EF34C63DB}.Debug|x64.ActiveCfg = Debug|Any CPU
		{C2594CB2-FCA4-409E-A453-BB1EF34C63DB}.Debug|x64.Build.0 = Debug|Any CPU
		{C2594CB2-FCA4-409E-A453-BB1EF34C63DB}.Debug|x86.ActiveCfg = Debug|Any CPU
		{C2594CB2-FCA4-409E-A453-BB1EF34C63DB}.Debug|x86.Build.0 = Debug|Any CPU
		{C2594CB2-FCA4-409E-A453-BB1EF34C63DB}.Release|Any CPU.ActiveCfg = Release|Any CPU
		{C2594CB2-FCA4-409E-A453-BB1EF34C63DB}.Release|Any CPU.Build.0 = Release|Any CPU
		{C2594CB2-FCA4-409E-A453-BB1EF34C63DB}.Release|x64.ActiveCfg = Release|Any CPU
		{C2594CB2-FCA4-409E-A453-BB1EF34C63DB}.Release|x64.Build.0 = Release|Any CPU
		{C2594CB2-FCA4-409E-A453-BB1EF34C63DB}.Release|x86.ActiveCfg = Release|Any CPU
		{C2594CB2-FCA4-409E-A453-BB1EF34C63DB}.Release|x86.Build.0 = Release|Any CPU
	EndGlobalSection
	GlobalSection(SolutionProperties) = preSolution
		HideSolutionNode = FALSE
	EndGlobalSection
	GlobalSection(NestedProjects) = preSolution
		{3F701106-C939-4156-AFF0-53442BAECD52} = {D36D5C8A-75DE-4801-8D12-4D075BE1F1EC}
		{65E447A9-32E9-4CFF-8BF4-A218848220F3} = {FC920256-6DC3-47EC-A697-6E595A0F07B4}
		{A1523954-878C-4899-BA24-4A7345894256} = {D36D5C8A-75DE-4801-8D12-4D075BE1F1EC}
		{9F3887C5-BD11-49CC-A054-F19124897998} = {FC920256-6DC3-47EC-A697-6E595A0F07B4}
		{2EE4C8AC-9438-433B-9973-75ABB929B179} = {FC920256-6DC3-47EC-A697-6E595A0F07B4}
		{CFBC4EFB-88DB-4B1A-925B-913FCF174F40} = {D36D5C8A-75DE-4801-8D12-4D075BE1F1EC}
		{1128BD8D-9744-4933-8465-4FFF01751F18} = {FC920256-6DC3-47EC-A697-6E595A0F07B4}
		{DAC0D217-0FE2-4AE9-9873-C67E865E2EE7} = {D36D5C8A-75DE-4801-8D12-4D075BE1F1EC}
		{47047CE9-B856-4F76-B5D5-E5C5335F7AE4} = {FC920256-6DC3-47EC-A697-6E595A0F07B4}
		{D52DAEB5-14B9-4044-BE52-B03394E05B7A} = {D4BE2EFC-DE53-4049-AFF1-AA1EC38BF233}
		{C5D2DFC3-A898-4190-9FE9-64FB589DCCCB} = {D4BE2EFC-DE53-4049-AFF1-AA1EC38BF233}
		{9E16230F-5637-4236-9C05-A930E8C0870B} = {D4BE2EFC-DE53-4049-AFF1-AA1EC38BF233}
		{CF41731C-711C-4BF0-AFC5-3B7E0653412F} = {D36D5C8A-75DE-4801-8D12-4D075BE1F1EC}
		{7079F626-B6A3-49B6-8318-995AC398067C} = {FC920256-6DC3-47EC-A697-6E595A0F07B4}
		{47B46FC3-4810-443C-BD38-BBCED2083471} = {D36D5C8A-75DE-4801-8D12-4D075BE1F1EC}
		{819C25B3-88BE-4E44-8492-26664380F632} = {D36D5C8A-75DE-4801-8D12-4D075BE1F1EC}
		{33316492-64CE-438F-8F74-C6CD00A1A73F} = {D4BE2EFC-DE53-4049-AFF1-AA1EC38BF233}
		{60B88D8E-2966-4997-81B9-499F59056FAA} = {D4BE2EFC-DE53-4049-AFF1-AA1EC38BF233}
		{E63E760B-B905-4BE1-92F1-86C3603C6FB8} = {75E64E75-37AC-49B9-AD4E-D3EC0120D91C}
		{36EC0D68-D5CC-4B18-BD5B-B4FBBBD63C99} = {40EE5044-A103-4ADB-A472-23D882C0D0B7}
		{04F7059F-85E8-4AF8-A5A7-E9BCC32CB2FF} = {40EE5044-A103-4ADB-A472-23D882C0D0B7}
		{17F7C2BF-829F-4E7A-85C1-F1DC919BB671} = {40EE5044-A103-4ADB-A472-23D882C0D0B7}
		{073D5F84-0EB6-4494-829C-CC3D227317A2} = {40EE5044-A103-4ADB-A472-23D882C0D0B7}
		{0FC41703-C7BA-4FB5-BAA0-9534EA0505DB} = {40EE5044-A103-4ADB-A472-23D882C0D0B7}
		{A10A0C94-53F8-489B-8F6B-58871C37962B} = {40EE5044-A103-4ADB-A472-23D882C0D0B7}
		{6B90F060-0588-45AA-B102-C3BCCF6FB5B1} = {75E64E75-37AC-49B9-AD4E-D3EC0120D91C}
		{E51132BA-3447-4C8E-A872-363E5C2B56AA} = {40EE5044-A103-4ADB-A472-23D882C0D0B7}
		{FD327DB3-1DB5-469F-A8CA-DABB953968F6} = {D4BE2EFC-DE53-4049-AFF1-AA1EC38BF233}
		{A7873746-9A02-4C91-9DA0-87A7F34C361F} = {D36D5C8A-75DE-4801-8D12-4D075BE1F1EC}
		{935AEF8D-439D-43B4-85EF-6D325F3E7737} = {D4BE2EFC-DE53-4049-AFF1-AA1EC38BF233}
		{94D22588-CF59-4C06-B360-F7AD6880067E} = {D4BE2EFC-DE53-4049-AFF1-AA1EC38BF233}
		{EB88D265-8EE3-43F0-91C0-8605B684BC58} = {D4BE2EFC-DE53-4049-AFF1-AA1EC38BF233}
		{D0009ECA-13A5-4689-A355-C768B75399EE} = {D36D5C8A-75DE-4801-8D12-4D075BE1F1EC}
		{C79F707D-3825-42CD-AE44-1DA571B6ECE1} = {D36D5C8A-75DE-4801-8D12-4D075BE1F1EC}
		{8A803012-5C8B-464C-869A-7EF153B047DB} = {FC920256-6DC3-47EC-A697-6E595A0F07B4}
		{0437BDA5-5753-4C3B-A818-1B8E70A30C59} = {2CFDBCEF-FCFF-4FC3-A1AA-6D107E062899}
		{977FB3F5-9DB5-4113-AB22-6568F75DC2AF} = {2CFDBCEF-FCFF-4FC3-A1AA-6D107E062899}
		{B03D1330-1929-4AAE-9CD7-2981DB5041AE} = {40EE5044-A103-4ADB-A472-23D882C0D0B7}
		{C2594CB2-FCA4-409E-A453-BB1EF34C63DB} = {2CFDBCEF-FCFF-4FC3-A1AA-6D107E062899}
	EndGlobalSection
	GlobalSection(ExtensibilityGlobals) = postSolution
		SolutionGuid = {D2BF3358-069F-4B58-A4AE-C9E84979FCC6}
	EndGlobalSection
EndGlobal
